
Microsoft Visual Studio Solution File, Format Version 12.00
# Visual Studio Version 17
VisualStudioVersion = 17.14.36623.8 d17.14
MinimumVisualStudioVersion = 10.0.40219.1
Project("{8BC9CEB8-8B4A-11D0-8D11-00A0C91BC942}") = "shader_tester", "shader_tester.vcxproj", "{50E5476C-F6C6-4E64-A917-2CBE2B1FD55D}"
EndProject
Global
	GlobalSection(SolutionConfigurationPlatforms) = preSolution
		Debug|x64 = Debug|x64
		Debug|x86 = Debug|x86
		Release|x64 = Release|x64
		Release|x86 = Release|x86
	EndGlobalSection
	GlobalSection(ProjectConfigurationPlatforms) = postSolution
		{50E5476C-F6C6-4E64-A917-2CBE2B1FD55D}.Debug|x64.ActiveCfg = Debug|x64
		{50E5476C-F6C6-4E64-A917-2CBE2B1FD55D}.Debug|x64.Build.0 = Debug|x64
		{50E5476C-F6C6-4E64-A917-2CBE2B1FD55D}.Debug|x86.ActiveCfg = Debug|Win32
		{50E5476C-F6C6-4E64-A917-2CBE2B1FD55D}.Debug|x86.Build.0 = Debug|Win32
		{50E5476C-F6C6-4E64-A917-2CBE2B1FD55D}.Release|x64.ActiveCfg = Release|x64
		{50E5476C-F6C6-4E64-A917-2CBE2B1FD55D}.Release|x64.Build.0 = Release|x64
		{50E5476C-F6C6-4E64-A917-2CBE2B1FD55D}.Release|x86.ActiveCfg = Release|Win32
		{50E5476C-F6C6-4E64-A917-2CBE2B1FD55D}.Release|x86.Build.0 = Release|Win32
	EndGlobalSection
	GlobalSection(SolutionProperties) = preSolution
		HideSolutionNode = FALSE
	EndGlobalSection
	GlobalSection(ExtensibilityGlobals) = postSolution
		SolutionGuid = {13FE55FA-19CE-4871-816C-26E91AC1E2CA}
	EndGlobalSection
EndGlobal
